
Microsoft Visual Studio Solution File, Format Version 12.00
# Visual Studio Version 17
VisualStudioVersion = 17.7.34031.279
MinimumVisualStudioVersion = 10.0.40219.1
Project("{FAE04EC0-301F-11D3-BF4B-00C04F79EFBC}") = "lab15_3", "lab15_3\lab15_3.csproj", "{7AC779E0-248B-49B8-9789-95F0DE76C5D9}"
EndProject
Global
	GlobalSection(SolutionConfigurationPlatforms) = preSolution
		Debug|Any CPU = Debug|Any CPU
		Release|Any CPU = Release|Any CPU
	EndGlobalSection
	GlobalSection(ProjectConfigurationPlatforms) = postSolution
		{7AC779E0-248B-49B8-9789-95F0DE76C5D9}.Debug|Any CPU.ActiveCfg = Debug|Any CPU
		{7AC779E0-248B-49B8-9789-95F0DE76C5D9}.Debug|Any CPU.Build.0 = Debug|Any CPU
		{7AC779E0-248B-49B8-9789-95F0DE76C5D9}.Release|Any CPU.ActiveCfg = Release|Any CPU
		{7AC779E0-248B-49B8-9789-95F0DE76C5D9}.Release|Any CPU.Build.0 = Release|Any CPU
	EndGlobalSection
	GlobalSection(SolutionProperties) = preSolution
		HideSolutionNode = FALSE
	EndGlobalSection
	GlobalSection(ExtensibilityGlobals) = postSolution
		SolutionGuid = {CB22002A-AF8C-469E-9ADB-C2E77285E0F7}
	EndGlobalSection
EndGlobal
